PODS:
  - TKSequenceTextField (0.1.0):
    - TLCustomMask (~> 1.0)
  - TLCustomMask (1.0.1)

DEPENDENCIES:
  - TKSequenceTextField (from `../`)

EXTERNAL SOURCES:
  TKSequenceTextField:
    :path: ../

SPEC CHECKSUMS:
  TKSequenceTextField: 73f55697a4b0acaeb102bf310919a2dfae5499f2
  TLCustomMask: 497a225782f8b5a72c3d13af9772cdb073d4a753

PODFILE CHECKSUM: c9b25a9732879b5a9e0e20389b235938f3acb82d

COCOAPODS: 1.1.1
